
Microsoft Visual Studio Solution File, Format Version 12.00
# Visual Studio Version 16
VisualStudioVersion = 16.0.31829.152
MinimumVisualStudioVersion = 10.0.40219.1
Project("{8BC9CEB8-8B4A-11D0-8D11-00A0C91BC942}") = "Lab_5.2", "Lab_5.2.vcxproj", "{9E6FF50D-B233-44FA-9D20-81D2FBF594B1}"
EndProject
Project("{8BC9CEB8-8B4A-11D0-8D11-00A0C91BC942}") = "UnitTest1", "UnitTest1\UnitTest1.vcxproj", "{79F83100-68EC-4DB3-AE09-DC6DD7B673F7}"
EndProject
Global
	GlobalSection(SolutionConfigurationPlatforms) = preSolution
		Debug|x64 = Debug|x64
		Debug|x86 = Debug|x86
		Release|x64 = Release|x64
		Release|x86 = Release|x86
	EndGlobalSection
	GlobalSection(ProjectConfigurationPlatforms) = postSolution
		{9E6FF50D-B233-44FA-9D20-81D2FBF594B1}.Debug|x64.ActiveCfg = Debug|x64
		{9E6FF50D-B233-44FA-9D20-81D2FBF594B1}.Debug|x64.Build.0 = Debug|x64
		{9E6FF50D-B233-44FA-9D20-81D2FBF594B1}.Debug|x86.ActiveCfg = Debug|Win32
		{9E6FF50D-B233-44FA-9D20-81D2FBF594B1}.Debug|x86.Build.0 = Debug|Win32
		{9E6FF50D-B233-44FA-9D20-81D2FBF594B1}.Release|x64.ActiveCfg = Release|x64
		{9E6FF50D-B233-44FA-9D20-81D2FBF594B1}.Release|x64.Build.0 = Release|x64
		{9E6FF50D-B233-44FA-9D20-81D2FBF594B1}.Release|x86.ActiveCfg = Release|Win32
		{9E6FF50D-B233-44FA-9D20-81D2FBF594B1}.Release|x86.Build.0 = Release|Win32
		{79F83100-68EC-4DB3-AE09-DC6DD7B673F7}.Debug|x64.ActiveCfg = Debug|x64
		{79F83100-68EC-4DB3-AE09-DC6DD7B673F7}.Debug|x64.Build.0 = Debug|x64
		{79F83100-68EC-4DB3-AE09-DC6DD7B673F7}.Debug|x86.ActiveCfg = Debug|Win32
		{79F83100-68EC-4DB3-AE09-DC6DD7B673F7}.Debug|x86.Build.0 = Debug|Win32
		{79F83100-68EC-4DB3-AE09-DC6DD7B673F7}.Release|x64.ActiveCfg = Release|x64
		{79F83100-68EC-4DB3-AE09-DC6DD7B673F7}.Release|x64.Build.0 = Release|x64
		{79F83100-68EC-4DB3-AE09-DC6DD7B673F7}.Release|x86.ActiveCfg = Release|Win32
		{79F83100-68EC-4DB3-AE09-DC6DD7B673F7}.Release|x86.Build.0 = Release|Win32
	EndGlobalSection
	GlobalSection(SolutionProperties) = preSolution
		HideSolutionNode = FALSE
	EndGlobalSection
	GlobalSection(ExtensibilityGlobals) = postSolution
		SolutionGuid = {21556A5B-0677-4D12-A813-9CFB179B0B26}
	EndGlobalSection
EndGlobal
